
Microsoft Visual Studio Solution File, Format Version 12.00
# Visual Studio Version 17
VisualStudioVersion = 17.14.36623.8 d17.14
MinimumVisualStudioVersion = 10.0.40219.1
Project("{FAE04EC0-301F-11D3-BF4B-00C04F79EFBC}") = "Question2", "Question2\Question2.csproj", "{3F9A285C-4556-49F0-82DD-39081384CC0D}"
EndProject
Global
	GlobalSection(SolutionConfigurationPlatforms) = preSolution
		Debug|Any CPU = Debug|Any CPU
		Release|Any CPU = Release|Any CPU
	EndGlobalSection
	GlobalSection(ProjectConfigurationPlatforms) = postSolution
		{3F9A285C-4556-49F0-82DD-39081384CC0D}.Debug|Any CPU.ActiveCfg = Debug|Any CPU
		{3F9A285C-4556-49F0-82DD-39081384CC0D}.Debug|Any CPU.Build.0 = Debug|Any CPU
		{3F9A285C-4556-49F0-82DD-39081384CC0D}.Release|Any CPU.ActiveCfg = Release|Any CPU
		{3F9A285C-4556-49F0-82DD-39081384CC0D}.Release|Any CPU.Build.0 = Release|Any CPU
	EndGlobalSection
	GlobalSection(SolutionProperties) = preSolution
		HideSolutionNode = FALSE
	EndGlobalSection
	GlobalSection(ExtensibilityGlobals) = postSolution
		SolutionGuid = {5A55B93B-08E9-4D9F-8D51-A7371A63692A}
	EndGlobalSection
EndGlobal
